
Microsoft Visual Studio Solution File, Format Version 10.00
# Visual Studio 2008
Project("{8BC9CEB8-8B4A-11D0-8D11-00A0C91BC942}") = "opc_foundation", "opc_foundation_lib\opc_foundation.vcproj", "{9B04246C-95F5-45C4-B1BA-A47DECAFE102}"
EndProject
Global
	GlobalSection(SolutionConfigurationPlatforms) = preSolution
		Debug|Win32 = Debug|Win32
		Release|Win32 = Release|Win32
	EndGlobalSection
	GlobalSection(ProjectConfigurationPlatforms) = postSolution
		{9B04246C-95F5-45C4-B1BA-A47DECAFE102}.Debug|Win32.ActiveCfg = Debug|Win32
		{9B04246C-95F5-45C4-B1BA-A47DECAFE102}.Debug|Win32.Build.0 = Debug|Win32
		{9B04246C-95F5-45C4-B1BA-A47DECAFE102}.Release|Win32.ActiveCfg = Release|Win32
		{9B04246C-95F5-45C4-B1BA-A47DECAFE102}.Release|Win32.Build.0 = Release|Win32
	EndGlobalSection
	GlobalSection(SolutionProperties) = preSolution
		HideSolutionNode = FALSE
	EndGlobalSection
EndGlobal
