
Microsoft Visual Studio Solution File, Format Version 10.00
# Visual Studio 2008
Project("{8BC9CEB8-8B4A-11D0-8D11-00A0C91BC942}") = "DataServerEngine", "DataServerEngine\DataServerEngine.vcproj", "{DDFB6EBC-D91E-4163-817A-247330612FDA}"
EndProject
Global
	GlobalSection(SolutionConfigurationPlatforms) = preSolution
		Debug|Win32 = Debug|Win32
		Release|Win32 = Release|Win32
	EndGlobalSection
	GlobalSection(ProjectConfigurationPlatforms) = postSolution
		{DDFB6EBC-D91E-4163-817A-247330612FDA}.Debug|Win32.ActiveCfg = Debug|Win32
		{DDFB6EBC-D91E-4163-817A-247330612FDA}.Debug|Win32.Build.0 = Debug|Win32
		{DDFB6EBC-D91E-4163-817A-247330612FDA}.Release|Win32.ActiveCfg = Release|Win32
		{DDFB6EBC-D91E-4163-817A-247330612FDA}.Release|Win32.Build.0 = Release|Win32
	EndGlobalSection
	GlobalSection(SolutionProperties) = preSolution
		HideSolutionNode = FALSE
	EndGlobalSection
EndGlobal
